<?xml version="1.0" encoding="utf-8"?>
<Project ToolsVersion="4.0" xmlns="http://schemas.microsoft.com/developer/msbuild/2003">
  <ItemGroup>
    <Filter Include="源文件">
      <UniqueIdentifier>{4FC737F1-C7A5-4376-A066-2A32D752A2FF}</UniqueIdentifier>
      <Extensions>cpp;c;cc;cxx;def;odl;idl;hpj;bat;asm;asmx</Extensions>
    </Filter>
    <Filter Include="头文件">
      <UniqueIdentifier>{93995380-89BD-4b04-88EB-625FBE52EBFB}</UniqueIdentifier>
      <Extensions>h;hpp;hxx;hm;inl;inc;xsd</Extensions>
    </Filter>
    <Filter Include="资源文件">
      <UniqueIdentifier>{67DA6AB6-F800-4c08-8B7A-83BB121AAD01}</UniqueIdentifier>
      <Extensions>rc;ico;cur;bmp;dlg;rc2;rct;bin;rgs;gif;jpg;jpeg;jpe;resx;tiff;tif;png;wav;mfcribbon-ms</Extensions>
    </Filter>
    <Filter Include="src">
      <UniqueIdentifier>{8f51ab45-6c03-4c15-b452-bad25d1750e3}</UniqueIdentifier>
    </Filter>
  </ItemGroup>
  <ItemGroup>
    <None Include="ReadMe.txt" />
  </ItemGroup>
  <ItemGroup>
    <ClInclude Include="stdafx.h">
      <Filter>头文件</Filter>
    </ClInclude>
    <ClInclude Include="targetver.h">
      <Filter>头文件</Filter>
    </ClInclude>
    <ClInclude Include="src\GenerateBase.h">
      <Filter>src</Filter>
    </ClInclude>
    <ClInclude Include="src\GenerateCpp.h">
      <Filter>src</Filter>
    </ClInclude>
    <ClInclude Include="src\GenerateManager.h">
      <Filter>src</Filter>
    </ClInclude>
    <ClInclude Include="src\tokenizer.h">
      <Filter>src</Filter>
    </ClInclude>
    <ClInclude Include="src\GenerateHelper.h">
      <Filter>src</Filter>
    </ClInclude>
    <ClInclude Include="..\..\..\configs\msg\options.pb.h">
      <Filter>src</Filter>
    </ClInclude>
  </ItemGroup>
  <ItemGroup>
    <ClCompile Include="stdafx.cpp">
      <Filter>源文件</Filter>
    </ClCompile>
    <ClCompile Include="src\GenerateCpp.cpp">
      <Filter>src</Filter>
    </ClCompile>
    <ClCompile Include="src\GenerateManager.cpp">
      <Filter>src</Filter>
    </ClCompile>
    <ClCompile Include="src\tokenizer.cpp">
      <Filter>src</Filter>
    </ClCompile>
    <ClCompile Include="src\GenerateHelper.cpp">
      <Filter>src</Filter>
    </ClCompile>
    <ClCompile Include="GenProtobufFiles.cpp">
      <Filter>源文件</Filter>
    </ClCompile>
    <ClCompile Include="..\..\..\configs\msg\options.pb.cc">
      <Filter>src</Filter>
    </ClCompile>
  </ItemGroup>
</Project>