
Microsoft Visual Studio Solution File, Format Version 12.00
# Visual Studio 2012
Project("{8BC9CEB8-8B4A-11D0-8D11-00A0C91BC942}") = "netlib", "netlib\netlib.vcxproj", "{240BD6CD-4B59-4F6B-84FF-B56DF0AB6CBE}"
	ProjectSection(ProjectDependencies) = postProject
		{0CBB893E-CB03-4CB2-AF12-95DE2575FB09} = {0CBB893E-CB03-4CB2-AF12-95DE2575FB09}
		{58667643-3B60-4AD2-9436-E80484CD5B17} = {58667643-3B60-4AD2-9436-E80484CD5B17}
	EndProjectSection
EndProject
Project("{8BC9CEB8-8B4A-11D0-8D11-00A0C91BC942}") = "ThreadPoolLib", "ThreadPoolLib\ThreadPoolLib.vcxproj", "{0CBB893E-CB03-4CB2-AF12-95DE2575FB09}"
	ProjectSection(ProjectDependencies) = postProject
		{58667643-3B60-4AD2-9436-E80484CD5B17} = {58667643-3B60-4AD2-9436-E80484CD5B17}
	EndProjectSection
EndProject
Project("{8BC9CEB8-8B4A-11D0-8D11-00A0C91BC942}") = "MsgLib", "MsgLib\MsgLib.vcxproj", "{887FA4D1-8873-421E-9802-10C0A43FE983}"
	ProjectSection(ProjectDependencies) = postProject
		{240BD6CD-4B59-4F6B-84FF-B56DF0AB6CBE} = {240BD6CD-4B59-4F6B-84FF-B56DF0AB6CBE}
	EndProjectSection
EndProject
Project("{8BC9CEB8-8B4A-11D0-8D11-00A0C91BC942}") = "LogLib", "LogLib\LogLib.vcxproj", "{58667643-3B60-4AD2-9436-E80484CD5B17}"
EndProject
Project("{2150E333-8FDC-42A3-9474-1A3956D46DE8}") = "Tests(staticLib废弃)", "Tests(staticLib废弃)", "{E3C0EE73-B786-4F6F-BF0B-FC4D2E276EE9}"
EndProject
Project("{8BC9CEB8-8B4A-11D0-8D11-00A0C91BC942}") = "TestNetLib_server", "TestNetLib\TestNetLib.vcxproj", "{B1DF6200-BD0C-49F4-8A1B-028FE162EE81}"
EndProject
Project("{8BC9CEB8-8B4A-11D0-8D11-00A0C91BC942}") = "TestLogLib", "TestLogLib\TestLogLib.vcxproj", "{E610B380-31FF-41F1-BFAD-DF71CCB74231}"
EndProject
Project("{2150E333-8FDC-42A3-9474-1A3956D46DE8}") = "Tools", "Tools", "{E0544AB3-153F-4BF6-A211-15215DE2257A}"
EndProject
Project("{8BC9CEB8-8B4A-11D0-8D11-00A0C91BC942}") = "GenProtobufFiles", "..\Tools\src\GenProtobufFiles\GenProtobufFiles.vcxproj", "{3C60EF6C-5272-46FC-8EC3-964F39552FDE}"
EndProject
Project("{8BC9CEB8-8B4A-11D0-8D11-00A0C91BC942}") = "TimerLib", "TimerLib\TimerLib.vcxproj", "{24131118-25A1-4730-9883-85F137CF234C}"
EndProject
Project("{2150E333-8FDC-42A3-9474-1A3956D46DE8}") = "common", "common", "{7C1DCBD7-A74F-4672-855F-153455905EB6}"
	ProjectSection(SolutionItems) = preProject
		..\Common\BoostHelper.h = ..\Common\BoostHelper.h
		..\Common\CircleBuffer.cpp = ..\Common\CircleBuffer.cpp
		..\Common\CircleBuffer.h = ..\Common\CircleBuffer.h
		..\Common\ClassTypeID.h = ..\Common\ClassTypeID.h
		..\Common\ClassTypeInterface.h = ..\Common\ClassTypeInterface.h
		..\Common\Common.h = ..\Common\Common.h
		..\Common\CommonAssert.h = ..\Common\CommonAssert.h
		..\Common\MsgProcess.h = ..\Common\MsgProcess.h
		..\Common\MsgWrapper.h = ..\Common\MsgWrapper.h
		..\Common\NetCommon.h = ..\Common\NetCommon.h
		..\Common\options.pb.cc = ..\Common\options.pb.cc
		..\Common\options.pb.h = ..\Common\options.pb.h
		..\..\..\BaiduYunDownload\Knight_server\vsprojects\Platform.h = ..\..\..\BaiduYunDownload\Knight_server\vsprojects\Platform.h
		..\Common\Platform.h = ..\Common\Platform.h
		..\Common\pw_xml.cpp = ..\Common\pw_xml.cpp
		..\Common\pw_xml.h = ..\Common\pw_xml.h
		..\Common\SafeVariable.h = ..\Common\SafeVariable.h
		..\Common\ThreadLock.h = ..\Common\ThreadLock.h
	EndProjectSection
EndProject
Project("{8BC9CEB8-8B4A-11D0-8D11-00A0C91BC942}") = "TestTimer", "TestTimer\TestTimer.vcxproj", "{9C8E3259-1358-4496-BD76-BDF68B8EBAA4}"
EndProject
Project("{8BC9CEB8-8B4A-11D0-8D11-00A0C91BC942}") = "InnerMsgLib", "InnerMsgLib\InnerMsgLib.vcxproj", "{5DFCC0E4-D682-4278-AAD1-0971729A446C}"
EndProject
Project("{8BC9CEB8-8B4A-11D0-8D11-00A0C91BC942}") = "TestInnerMsgLib", "TestInnerMsgLib\TestInnerMsgLib.vcxproj", "{66E7B013-B248-4B3D-8C90-F8A60DDBBA0D}"
EndProject
Project("{8BC9CEB8-8B4A-11D0-8D11-00A0C91BC942}") = "TestNetLib_client", "TestNetLib_client\TestNetLib_client.vcxproj", "{3196DD53-CE07-469F-888C-505A640D00A5}"
EndProject
Project("{8BC9CEB8-8B4A-11D0-8D11-00A0C91BC942}") = "RpcMsgLib", "RpcMsgLib\RpcMsgLib.vcxproj", "{63548180-E00B-4139-B0DA-FBDE8F72A9A3}"
EndProject
Project("{8BC9CEB8-8B4A-11D0-8D11-00A0C91BC942}") = "TestRpcClientMsgLib", "TestRpcClientMsgLib\TestRpcClientMsgLib.vcxproj", "{20163C74-F306-4FCF-9351-4185F006C4A7}"
EndProject
Project("{8BC9CEB8-8B4A-11D0-8D11-00A0C91BC942}") = "TestRpcServerMsgLib", "TestRpcServerMsgLib\TestRpcServerMsgLib.vcxproj", "{4EDEBA82-6667-4AAE-875B-C926B02CC6FD}"
EndProject
Project("{8BC9CEB8-8B4A-11D0-8D11-00A0C91BC942}") = "GenRpcOrLocalMsg", "GenRpcOrLocalMsg\GenRpcOrLocalMsg.vcxproj", "{A2551785-2870-4B70-BE46-8A909F8F62A0}"
EndProject
Project("{8BC9CEB8-8B4A-11D0-8D11-00A0C91BC942}") = "MysqlLib", "MysqlLib\MysqlLib.vcxproj", "{B2C7C36A-C741-4973-8125-51D8C6249A86}"
EndProject
Project("{8BC9CEB8-8B4A-11D0-8D11-00A0C91BC942}") = "LuaLib", "LuaLib\LuaLib.vcxproj", "{9ED41EC1-CD74-4DA6-9E14-9BD09D2312B5}"
EndProject
Project("{8BC9CEB8-8B4A-11D0-8D11-00A0C91BC942}") = "XMLLib", "XMLLib\XMLLib.vcxproj", "{9D3D8C3F-1092-4156-A897-9496BAF04E16}"
EndProject
Project("{8BC9CEB8-8B4A-11D0-8D11-00A0C91BC942}") = "TestXMLLib", "TestXML\TestXMLLib.vcxproj", "{27451ED8-E4B6-48DE-AD77-BD5D3D864930}"
EndProject
Project("{2150E333-8FDC-42A3-9474-1A3956D46DE8}") = "StaticLib(废弃)", "StaticLib(废弃)", "{458B3F6E-BF5A-4E75-80BD-41A34701F283}"
EndProject
Project("{8BC9CEB8-8B4A-11D0-8D11-00A0C91BC942}") = "LibCore", "LibCore\LibCore.vcxproj", "{1C23993E-2F33-4E3F-B81A-F07FA561AB77}"
EndProject
Project("{2150E333-8FDC-42A3-9474-1A3956D46DE8}") = "LibCoreTest", "LibCoreTest", "{29B6448E-E2C6-4BA5-B1ED-23CF19DDBA33}"
EndProject
Project("{8BC9CEB8-8B4A-11D0-8D11-00A0C91BC942}") = "TestLibCore", "TestLibCore\TestLibCore.vcxproj", "{8FE69B4F-DC0F-4CB7-B563-003794A665A3}"
EndProject
Project("{8BC9CEB8-8B4A-11D0-8D11-00A0C91BC942}") = "TestLibCore_Log", "TestLibCore_Log\TestLibCore_Log.vcxproj", "{6830E281-FB67-4C0D-8630-1E988381FBF4}"
EndProject
Project("{8BC9CEB8-8B4A-11D0-8D11-00A0C91BC942}") = "TestLibCore_XML", "TestLibCore_XML\TestLibCore_XML.vcxproj", "{79F94A81-37FC-4B4F-BBB7-654D93529474}"
EndProject
Project("{8BC9CEB8-8B4A-11D0-8D11-00A0C91BC942}") = "TestLibCore_Timer", "TestLibCore_Timer\TestLibCore_Timer.vcxproj", "{87AC24C2-3677-4063-BAC1-1042DEC3AA54}"
EndProject
Project("{8BC9CEB8-8B4A-11D0-8D11-00A0C91BC942}") = "TestLibCore_NetClient", "TestLibCore_NetClient\TestLibCore_NetClient.vcxproj", "{8DAE6D14-937E-43A7-ACC6-A5FD74FB7785}"
EndProject
Project("{8BC9CEB8-8B4A-11D0-8D11-00A0C91BC942}") = "TestLibCore_NetServer", "TestLibCore_NetServer\TestLibCore_NetServer.vcxproj", "{01533A26-DA29-47AD-AA9B-BE4F3B49FA2B}"
EndProject
Project("{8BC9CEB8-8B4A-11D0-8D11-00A0C91BC942}") = "TestLibCore_RpcClient", "TestLibCore_RpcClient\TestLibCore_RpcClient.vcxproj", "{7E9994D6-BC17-4386-8FFD-135759E7A63E}"
EndProject
Project("{8BC9CEB8-8B4A-11D0-8D11-00A0C91BC942}") = "TestLibCore_RpcServer", "TestLibCore_RpcServer\TestLibCore_RpcServer.vcxproj", "{BD32A02D-9774-49C4-893C-500E9035F2EF}"
EndProject
Project("{8BC9CEB8-8B4A-11D0-8D11-00A0C91BC942}") = "TestLibCore_RpcProxy", "TestLibCore_RpcProxy\TestLibCore_RpcProxy.vcxproj", "{892EA724-D923-4764-B3D2-569B40DAF2EC}"
EndProject
Global
	GlobalSection(SolutionConfigurationPlatforms) = preSolution
		Debug|Win32 = Debug|Win32
		Debug|x64 = Debug|x64
		DLL_Debug_x64|Win32 = DLL_Debug_x64|Win32
		DLL_Debug_x64|x64 = DLL_Debug_x64|x64
		LibDebug|Win32 = LibDebug|Win32
		LibDebug|x64 = LibDebug|x64
		Release|Win32 = Release|Win32
		Release|x64 = Release|x64
	EndGlobalSection
	GlobalSection(ProjectConfigurationPlatforms) = postSolution
		{240BD6CD-4B59-4F6B-84FF-B56DF0AB6CBE}.Debug|Win32.ActiveCfg = Debug|Win32
		{240BD6CD-4B59-4F6B-84FF-B56DF0AB6CBE}.Debug|Win32.Build.0 = Debug|Win32
		{240BD6CD-4B59-4F6B-84FF-B56DF0AB6CBE}.Debug|x64.ActiveCfg = Debug|Win32
		{240BD6CD-4B59-4F6B-84FF-B56DF0AB6CBE}.Debug|x64.Build.0 = Debug|Win32
		{240BD6CD-4B59-4F6B-84FF-B56DF0AB6CBE}.DLL_Debug_x64|Win32.ActiveCfg = DLL_Debug_x64|Win32
		{240BD6CD-4B59-4F6B-84FF-B56DF0AB6CBE}.DLL_Debug_x64|Win32.Build.0 = DLL_Debug_x64|Win32
		{240BD6CD-4B59-4F6B-84FF-B56DF0AB6CBE}.DLL_Debug_x64|x64.ActiveCfg = DLL_Debug_x64|x64
		{240BD6CD-4B59-4F6B-84FF-B56DF0AB6CBE}.LibDebug|Win32.ActiveCfg = LibDebug|Win32
		{240BD6CD-4B59-4F6B-84FF-B56DF0AB6CBE}.LibDebug|Win32.Build.0 = LibDebug|Win32
		{240BD6CD-4B59-4F6B-84FF-B56DF0AB6CBE}.LibDebug|x64.ActiveCfg = LibDebug|x64
		{240BD6CD-4B59-4F6B-84FF-B56DF0AB6CBE}.LibDebug|x64.Build.0 = LibDebug|x64
		{240BD6CD-4B59-4F6B-84FF-B56DF0AB6CBE}.Release|Win32.ActiveCfg = Release|Win32
		{240BD6CD-4B59-4F6B-84FF-B56DF0AB6CBE}.Release|Win32.Build.0 = Release|Win32
		{240BD6CD-4B59-4F6B-84FF-B56DF0AB6CBE}.Release|x64.ActiveCfg = Release|Win32
		{240BD6CD-4B59-4F6B-84FF-B56DF0AB6CBE}.Release|x64.Build.0 = Release|Win32
		{0CBB893E-CB03-4CB2-AF12-95DE2575FB09}.Debug|Win32.ActiveCfg = Debug|Win32
		{0CBB893E-CB03-4CB2-AF12-95DE2575FB09}.Debug|Win32.Build.0 = Debug|Win32
		{0CBB893E-CB03-4CB2-AF12-95DE2575FB09}.Debug|x64.ActiveCfg = Debug|Win32
		{0CBB893E-CB03-4CB2-AF12-95DE2575FB09}.Debug|x64.Build.0 = Debug|Win32
		{0CBB893E-CB03-4CB2-AF12-95DE2575FB09}.DLL_Debug_x64|Win32.ActiveCfg = DLL_Debug_x64|Win32
		{0CBB893E-CB03-4CB2-AF12-95DE2575FB09}.DLL_Debug_x64|Win32.Build.0 = DLL_Debug_x64|Win32
		{0CBB893E-CB03-4CB2-AF12-95DE2575FB09}.DLL_Debug_x64|x64.ActiveCfg = DLL_Debug_x64|x64
		{0CBB893E-CB03-4CB2-AF12-95DE2575FB09}.LibDebug|Win32.ActiveCfg = LibDebug|Win32
		{0CBB893E-CB03-4CB2-AF12-95DE2575FB09}.LibDebug|Win32.Build.0 = LibDebug|Win32
		{0CBB893E-CB03-4CB2-AF12-95DE2575FB09}.LibDebug|x64.ActiveCfg = LibDebug|x64
		{0CBB893E-CB03-4CB2-AF12-95DE2575FB09}.LibDebug|x64.Build.0 = LibDebug|x64
		{0CBB893E-CB03-4CB2-AF12-95DE2575FB09}.Release|Win32.ActiveCfg = Release|Win32
		{0CBB893E-CB03-4CB2-AF12-95DE2575FB09}.Release|Win32.Build.0 = Release|Win32
		{0CBB893E-CB03-4CB2-AF12-95DE2575FB09}.Release|x64.ActiveCfg = Release|Win32
		{0CBB893E-CB03-4CB2-AF12-95DE2575FB09}.Release|x64.Build.0 = Release|Win32
		{887FA4D1-8873-421E-9802-10C0A43FE983}.Debug|Win32.ActiveCfg = Debug|Win32
		{887FA4D1-8873-421E-9802-10C0A43FE983}.Debug|Win32.Build.0 = Debug|Win32
		{887FA4D1-8873-421E-9802-10C0A43FE983}.Debug|x64.ActiveCfg = Debug|Win32
		{887FA4D1-8873-421E-9802-10C0A43FE983}.Debug|x64.Build.0 = Debug|Win32
		{887FA4D1-8873-421E-9802-10C0A43FE983}.DLL_Debug_x64|Win32.ActiveCfg = DLL_Debug_x64|Win32
		{887FA4D1-8873-421E-9802-10C0A43FE983}.DLL_Debug_x64|Win32.Build.0 = DLL_Debug_x64|Win32
		{887FA4D1-8873-421E-9802-10C0A43FE983}.DLL_Debug_x64|x64.ActiveCfg = DLL_Debug_x64|x64
		{887FA4D1-8873-421E-9802-10C0A43FE983}.LibDebug|Win32.ActiveCfg = LibDebug|Win32
		{887FA4D1-8873-421E-9802-10C0A43FE983}.LibDebug|Win32.Build.0 = LibDebug|Win32
		{887FA4D1-8873-421E-9802-10C0A43FE983}.LibDebug|x64.ActiveCfg = LibDebug|x64
		{887FA4D1-8873-421E-9802-10C0A43FE983}.LibDebug|x64.Build.0 = LibDebug|x64
		{887FA4D1-8873-421E-9802-10C0A43FE983}.Release|Win32.ActiveCfg = Release|Win32
		{887FA4D1-8873-421E-9802-10C0A43FE983}.Release|Win32.Build.0 = Release|Win32
		{887FA4D1-8873-421E-9802-10C0A43FE983}.Release|x64.ActiveCfg = Release|Win32
		{887FA4D1-8873-421E-9802-10C0A43FE983}.Release|x64.Build.0 = Release|Win32
		{58667643-3B60-4AD2-9436-E80484CD5B17}.Debug|Win32.ActiveCfg = Debug|Win32
		{58667643-3B60-4AD2-9436-E80484CD5B17}.Debug|Win32.Build.0 = Debug|Win32
		{58667643-3B60-4AD2-9436-E80484CD5B17}.Debug|x64.ActiveCfg = Debug|Win32
		{58667643-3B60-4AD2-9436-E80484CD5B17}.Debug|x64.Build.0 = Debug|Win32
		{58667643-3B60-4AD2-9436-E80484CD5B17}.DLL_Debug_x64|Win32.ActiveCfg = DLL_Debug_x64|Win32
		{58667643-3B60-4AD2-9436-E80484CD5B17}.DLL_Debug_x64|Win32.Build.0 = DLL_Debug_x64|Win32
		{58667643-3B60-4AD2-9436-E80484CD5B17}.DLL_Debug_x64|x64.ActiveCfg = DLL_Debug_x64|x64
		{58667643-3B60-4AD2-9436-E80484CD5B17}.LibDebug|Win32.ActiveCfg = LibDebug|Win32
		{58667643-3B60-4AD2-9436-E80484CD5B17}.LibDebug|Win32.Build.0 = LibDebug|Win32
		{58667643-3B60-4AD2-9436-E80484CD5B17}.LibDebug|x64.ActiveCfg = LibDebug|x64
		{58667643-3B60-4AD2-9436-E80484CD5B17}.LibDebug|x64.Build.0 = LibDebug|x64
		{58667643-3B60-4AD2-9436-E80484CD5B17}.Release|Win32.ActiveCfg = Release|Win32
		{58667643-3B60-4AD2-9436-E80484CD5B17}.Release|Win32.Build.0 = Release|Win32
		{58667643-3B60-4AD2-9436-E80484CD5B17}.Release|x64.ActiveCfg = Release|Win32
		{58667643-3B60-4AD2-9436-E80484CD5B17}.Release|x64.Build.0 = Release|Win32
		{B1DF6200-BD0C-49F4-8A1B-028FE162EE81}.Debug|Win32.ActiveCfg = Debug|Win32
		{B1DF6200-BD0C-49F4-8A1B-028FE162EE81}.Debug|Win32.Build.0 = Debug|Win32
		{B1DF6200-BD0C-49F4-8A1B-028FE162EE81}.Debug|x64.ActiveCfg = Debug|Win32
		{B1DF6200-BD0C-49F4-8A1B-028FE162EE81}.Debug|x64.Build.0 = Debug|Win32
		{B1DF6200-BD0C-49F4-8A1B-028FE162EE81}.DLL_Debug_x64|Win32.ActiveCfg = DLL_Debug_x64|Win32
		{B1DF6200-BD0C-49F4-8A1B-028FE162EE81}.DLL_Debug_x64|Win32.Build.0 = DLL_Debug_x64|Win32
		{B1DF6200-BD0C-49F4-8A1B-028FE162EE81}.DLL_Debug_x64|x64.ActiveCfg = DLL_Debug_x64|x64
		{B1DF6200-BD0C-49F4-8A1B-028FE162EE81}.LibDebug|Win32.ActiveCfg = LibDebug|Win32
		{B1DF6200-BD0C-49F4-8A1B-028FE162EE81}.LibDebug|Win32.Build.0 = LibDebug|Win32
		{B1DF6200-BD0C-49F4-8A1B-028FE162EE81}.LibDebug|x64.ActiveCfg = LibDebug|x64
		{B1DF6200-BD0C-49F4-8A1B-028FE162EE81}.LibDebug|x64.Build.0 = LibDebug|x64
		{B1DF6200-BD0C-49F4-8A1B-028FE162EE81}.Release|Win32.ActiveCfg = Release|Win32
		{B1DF6200-BD0C-49F4-8A1B-028FE162EE81}.Release|Win32.Build.0 = Release|Win32
		{B1DF6200-BD0C-49F4-8A1B-028FE162EE81}.Release|x64.ActiveCfg = Release|Win32
		{B1DF6200-BD0C-49F4-8A1B-028FE162EE81}.Release|x64.Build.0 = Release|Win32
		{E610B380-31FF-41F1-BFAD-DF71CCB74231}.Debug|Win32.ActiveCfg = Debug|Win32
		{E610B380-31FF-41F1-BFAD-DF71CCB74231}.Debug|Win32.Build.0 = Debug|Win32
		{E610B380-31FF-41F1-BFAD-DF71CCB74231}.Debug|x64.ActiveCfg = Debug|Win32
		{E610B380-31FF-41F1-BFAD-DF71CCB74231}.Debug|x64.Build.0 = Debug|Win32
		{E610B380-31FF-41F1-BFAD-DF71CCB74231}.DLL_Debug_x64|Win32.ActiveCfg = DLL_Debug_x64|Win32
		{E610B380-31FF-41F1-BFAD-DF71CCB74231}.DLL_Debug_x64|Win32.Build.0 = DLL_Debug_x64|Win32
		{E610B380-31FF-41F1-BFAD-DF71CCB74231}.DLL_Debug_x64|x64.ActiveCfg = DLL_Debug_x64|x64
		{E610B380-31FF-41F1-BFAD-DF71CCB74231}.LibDebug|Win32.ActiveCfg = LibDebug|Win32
		{E610B380-31FF-41F1-BFAD-DF71CCB74231}.LibDebug|Win32.Build.0 = LibDebug|Win32
		{E610B380-31FF-41F1-BFAD-DF71CCB74231}.LibDebug|x64.ActiveCfg = LibDebug|x64
		{E610B380-31FF-41F1-BFAD-DF71CCB74231}.LibDebug|x64.Build.0 = LibDebug|x64
		{E610B380-31FF-41F1-BFAD-DF71CCB74231}.Release|Win32.ActiveCfg = Release|Win32
		{E610B380-31FF-41F1-BFAD-DF71CCB74231}.Release|Win32.Build.0 = Release|Win32
		{E610B380-31FF-41F1-BFAD-DF71CCB74231}.Release|x64.ActiveCfg = Release|Win32
		{E610B380-31FF-41F1-BFAD-DF71CCB74231}.Release|x64.Build.0 = Release|Win32
		{3C60EF6C-5272-46FC-8EC3-964F39552FDE}.Debug|Win32.ActiveCfg = Debug|Win32
		{3C60EF6C-5272-46FC-8EC3-964F39552FDE}.Debug|Win32.Build.0 = Debug|Win32
		{3C60EF6C-5272-46FC-8EC3-964F39552FDE}.Debug|x64.ActiveCfg = Debug|Win32
		{3C60EF6C-5272-46FC-8EC3-964F39552FDE}.Debug|x64.Build.0 = Debug|Win32
		{3C60EF6C-5272-46FC-8EC3-964F39552FDE}.DLL_Debug_x64|Win32.ActiveCfg = DLL_Debug_x64|Win32
		{3C60EF6C-5272-46FC-8EC3-964F39552FDE}.DLL_Debug_x64|Win32.Build.0 = DLL_Debug_x64|Win32
		{3C60EF6C-5272-46FC-8EC3-964F39552FDE}.DLL_Debug_x64|x64.ActiveCfg = DLL_Debug_x64|x64
		{3C60EF6C-5272-46FC-8EC3-964F39552FDE}.DLL_Debug_x64|x64.Build.0 = DLL_Debug_x64|x64
		{3C60EF6C-5272-46FC-8EC3-964F39552FDE}.LibDebug|Win32.ActiveCfg = LibDebug|Win32
		{3C60EF6C-5272-46FC-8EC3-964F39552FDE}.LibDebug|Win32.Build.0 = LibDebug|Win32
		{3C60EF6C-5272-46FC-8EC3-964F39552FDE}.LibDebug|x64.ActiveCfg = LibDebug|x64
		{3C60EF6C-5272-46FC-8EC3-964F39552FDE}.LibDebug|x64.Build.0 = LibDebug|x64
		{3C60EF6C-5272-46FC-8EC3-964F39552FDE}.Release|Win32.ActiveCfg = Release|Win32
		{3C60EF6C-5272-46FC-8EC3-964F39552FDE}.Release|Win32.Build.0 = Release|Win32
		{3C60EF6C-5272-46FC-8EC3-964F39552FDE}.Release|x64.ActiveCfg = Release|Win32
		{3C60EF6C-5272-46FC-8EC3-964F39552FDE}.Release|x64.Build.0 = Release|Win32
		{24131118-25A1-4730-9883-85F137CF234C}.Debug|Win32.ActiveCfg = Debug|Win32
		{24131118-25A1-4730-9883-85F137CF234C}.Debug|Win32.Build.0 = Debug|Win32
		{24131118-25A1-4730-9883-85F137CF234C}.Debug|x64.ActiveCfg = Debug|Win32
		{24131118-25A1-4730-9883-85F137CF234C}.Debug|x64.Build.0 = Debug|Win32
		{24131118-25A1-4730-9883-85F137CF234C}.DLL_Debug_x64|Win32.ActiveCfg = DLL_Debug_x64|Win32
		{24131118-25A1-4730-9883-85F137CF234C}.DLL_Debug_x64|Win32.Build.0 = DLL_Debug_x64|Win32
		{24131118-25A1-4730-9883-85F137CF234C}.DLL_Debug_x64|x64.ActiveCfg = DLL_Debug_x64|x64
		{24131118-25A1-4730-9883-85F137CF234C}.LibDebug|Win32.ActiveCfg = LibDebug|Win32
		{24131118-25A1-4730-9883-85F137CF234C}.LibDebug|Win32.Build.0 = LibDebug|Win32
		{24131118-25A1-4730-9883-85F137CF234C}.LibDebug|x64.ActiveCfg = LibDebug|x64
		{24131118-25A1-4730-9883-85F137CF234C}.LibDebug|x64.Build.0 = LibDebug|x64
		{24131118-25A1-4730-9883-85F137CF234C}.Release|Win32.ActiveCfg = Release|Win32
		{24131118-25A1-4730-9883-85F137CF234C}.Release|Win32.Build.0 = Release|Win32
		{24131118-25A1-4730-9883-85F137CF234C}.Release|x64.ActiveCfg = Release|Win32
		{24131118-25A1-4730-9883-85F137CF234C}.Release|x64.Build.0 = Release|Win32
		{9C8E3259-1358-4496-BD76-BDF68B8EBAA4}.Debug|Win32.ActiveCfg = Debug|Win32
		{9C8E3259-1358-4496-BD76-BDF68B8EBAA4}.Debug|Win32.Build.0 = Debug|Win32
		{9C8E3259-1358-4496-BD76-BDF68B8EBAA4}.Debug|x64.ActiveCfg = Debug|Win32
		{9C8E3259-1358-4496-BD76-BDF68B8EBAA4}.Debug|x64.Build.0 = Debug|Win32
		{9C8E3259-1358-4496-BD76-BDF68B8EBAA4}.DLL_Debug_x64|Win32.ActiveCfg = DLL_Debug_x64|Win32
		{9C8E3259-1358-4496-BD76-BDF68B8EBAA4}.DLL_Debug_x64|Win32.Build.0 = DLL_Debug_x64|Win32
		{9C8E3259-1358-4496-BD76-BDF68B8EBAA4}.DLL_Debug_x64|x64.ActiveCfg = DLL_Debug_x64|x64
		{9C8E3259-1358-4496-BD76-BDF68B8EBAA4}.LibDebug|Win32.ActiveCfg = LibDebug|Win32
		{9C8E3259-1358-4496-BD76-BDF68B8EBAA4}.LibDebug|Win32.Build.0 = LibDebug|Win32
		{9C8E3259-1358-4496-BD76-BDF68B8EBAA4}.LibDebug|x64.ActiveCfg = LibDebug|x64
		{9C8E3259-1358-4496-BD76-BDF68B8EBAA4}.LibDebug|x64.Build.0 = LibDebug|x64
		{9C8E3259-1358-4496-BD76-BDF68B8EBAA4}.Release|Win32.ActiveCfg = Release|Win32
		{9C8E3259-1358-4496-BD76-BDF68B8EBAA4}.Release|Win32.Build.0 = Release|Win32
		{9C8E3259-1358-4496-BD76-BDF68B8EBAA4}.Release|x64.ActiveCfg = Release|Win32
		{9C8E3259-1358-4496-BD76-BDF68B8EBAA4}.Release|x64.Build.0 = Release|Win32
		{5DFCC0E4-D682-4278-AAD1-0971729A446C}.Debug|Win32.ActiveCfg = Debug|Win32
		{5DFCC0E4-D682-4278-AAD1-0971729A446C}.Debug|Win32.Build.0 = Debug|Win32
		{5DFCC0E4-D682-4278-AAD1-0971729A446C}.Debug|x64.ActiveCfg = Debug|Win32
		{5DFCC0E4-D682-4278-AAD1-0971729A446C}.Debug|x64.Build.0 = Debug|Win32
		{5DFCC0E4-D682-4278-AAD1-0971729A446C}.DLL_Debug_x64|Win32.ActiveCfg = DLL_Debug_x64|Win32
		{5DFCC0E4-D682-4278-AAD1-0971729A446C}.DLL_Debug_x64|Win32.Build.0 = DLL_Debug_x64|Win32
		{5DFCC0E4-D682-4278-AAD1-0971729A446C}.DLL_Debug_x64|x64.ActiveCfg = DLL_Debug_x64|x64
		{5DFCC0E4-D682-4278-AAD1-0971729A446C}.LibDebug|Win32.ActiveCfg = LibDebug|Win32
		{5DFCC0E4-D682-4278-AAD1-0971729A446C}.LibDebug|Win32.Build.0 = LibDebug|Win32
		{5DFCC0E4-D682-4278-AAD1-0971729A446C}.LibDebug|x64.ActiveCfg = LibDebug|x64
		{5DFCC0E4-D682-4278-AAD1-0971729A446C}.LibDebug|x64.Build.0 = LibDebug|x64
		{5DFCC0E4-D682-4278-AAD1-0971729A446C}.Release|Win32.ActiveCfg = Release|Win32
		{5DFCC0E4-D682-4278-AAD1-0971729A446C}.Release|Win32.Build.0 = Release|Win32
		{5DFCC0E4-D682-4278-AAD1-0971729A446C}.Release|x64.ActiveCfg = Release|Win32
		{5DFCC0E4-D682-4278-AAD1-0971729A446C}.Release|x64.Build.0 = Release|Win32
		{66E7B013-B248-4B3D-8C90-F8A60DDBBA0D}.Debug|Win32.ActiveCfg = Debug|Win32
		{66E7B013-B248-4B3D-8C90-F8A60DDBBA0D}.Debug|Win32.Build.0 = Debug|Win32
		{66E7B013-B248-4B3D-8C90-F8A60DDBBA0D}.Debug|x64.ActiveCfg = Debug|Win32
		{66E7B013-B248-4B3D-8C90-F8A60DDBBA0D}.Debug|x64.Build.0 = Debug|Win32
		{66E7B013-B248-4B3D-8C90-F8A60DDBBA0D}.DLL_Debug_x64|Win32.ActiveCfg = DLL_Debug_x64|Win32
		{66E7B013-B248-4B3D-8C90-F8A60DDBBA0D}.DLL_Debug_x64|Win32.Build.0 = DLL_Debug_x64|Win32
		{66E7B013-B248-4B3D-8C90-F8A60DDBBA0D}.DLL_Debug_x64|x64.ActiveCfg = DLL_Debug_x64|x64
		{66E7B013-B248-4B3D-8C90-F8A60DDBBA0D}.LibDebug|Win32.ActiveCfg = LibDebug|Win32
		{66E7B013-B248-4B3D-8C90-F8A60DDBBA0D}.LibDebug|Win32.Build.0 = LibDebug|Win32
		{66E7B013-B248-4B3D-8C90-F8A60DDBBA0D}.LibDebug|x64.ActiveCfg = LibDebug|x64
		{66E7B013-B248-4B3D-8C90-F8A60DDBBA0D}.LibDebug|x64.Build.0 = LibDebug|x64
		{66E7B013-B248-4B3D-8C90-F8A60DDBBA0D}.Release|Win32.ActiveCfg = Release|Win32
		{66E7B013-B248-4B3D-8C90-F8A60DDBBA0D}.Release|Win32.Build.0 = Release|Win32
		{66E7B013-B248-4B3D-8C90-F8A60DDBBA0D}.Release|x64.ActiveCfg = Release|Win32
		{66E7B013-B248-4B3D-8C90-F8A60DDBBA0D}.Release|x64.Build.0 = Release|Win32
		{3196DD53-CE07-469F-888C-505A640D00A5}.Debug|Win32.ActiveCfg = Debug|Win32
		{3196DD53-CE07-469F-888C-505A640D00A5}.Debug|Win32.Build.0 = Debug|Win32
		{3196DD53-CE07-469F-888C-505A640D00A5}.Debug|x64.ActiveCfg = Debug|x64
		{3196DD53-CE07-469F-888C-505A640D00A5}.Debug|x64.Build.0 = Debug|x64
		{3196DD53-CE07-469F-888C-505A640D00A5}.DLL_Debug_x64|Win32.ActiveCfg = DLL_Debug_x64|Win32
		{3196DD53-CE07-469F-888C-505A640D00A5}.DLL_Debug_x64|Win32.Build.0 = DLL_Debug_x64|Win32
		{3196DD53-CE07-469F-888C-505A640D00A5}.DLL_Debug_x64|x64.ActiveCfg = DLL_Debug_x64|x64
		{3196DD53-CE07-469F-888C-505A640D00A5}.LibDebug|Win32.ActiveCfg = LibDebug|Win32
		{3196DD53-CE07-469F-888C-505A640D00A5}.LibDebug|Win32.Build.0 = LibDebug|Win32
		{3196DD53-CE07-469F-888C-505A640D00A5}.LibDebug|x64.ActiveCfg = LibDebug|x64
		{3196DD53-CE07-469F-888C-505A640D00A5}.LibDebug|x64.Build.0 = LibDebug|x64
		{3196DD53-CE07-469F-888C-505A640D00A5}.Release|Win32.ActiveCfg = Release|Win32
		{3196DD53-CE07-469F-888C-505A640D00A5}.Release|Win32.Build.0 = Release|Win32
		{3196DD53-CE07-469F-888C-505A640D00A5}.Release|x64.ActiveCfg = Release|x64
		{3196DD53-CE07-469F-888C-505A640D00A5}.Release|x64.Build.0 = Release|x64
		{63548180-E00B-4139-B0DA-FBDE8F72A9A3}.Debug|Win32.ActiveCfg = Debug|Win32
		{63548180-E00B-4139-B0DA-FBDE8F72A9A3}.Debug|Win32.Build.0 = Debug|Win32
		{63548180-E00B-4139-B0DA-FBDE8F72A9A3}.Debug|x64.ActiveCfg = Debug|Win32
		{63548180-E00B-4139-B0DA-FBDE8F72A9A3}.DLL_Debug_x64|Win32.ActiveCfg = DLL_Debug_x64|Win32
		{63548180-E00B-4139-B0DA-FBDE8F72A9A3}.DLL_Debug_x64|Win32.Build.0 = DLL_Debug_x64|Win32
		{63548180-E00B-4139-B0DA-FBDE8F72A9A3}.DLL_Debug_x64|x64.ActiveCfg = DLL_Debug_x64|x64
		{63548180-E00B-4139-B0DA-FBDE8F72A9A3}.LibDebug|Win32.ActiveCfg = Debug|Win32
		{63548180-E00B-4139-B0DA-FBDE8F72A9A3}.LibDebug|Win32.Build.0 = Debug|Win32
		{63548180-E00B-4139-B0DA-FBDE8F72A9A3}.LibDebug|x64.ActiveCfg = LibDebug|x64
		{63548180-E00B-4139-B0DA-FBDE8F72A9A3}.LibDebug|x64.Build.0 = LibDebug|x64
		{63548180-E00B-4139-B0DA-FBDE8F72A9A3}.Release|Win32.ActiveCfg = Release|Win32
		{63548180-E00B-4139-B0DA-FBDE8F72A9A3}.Release|Win32.Build.0 = Release|Win32
		{63548180-E00B-4139-B0DA-FBDE8F72A9A3}.Release|x64.ActiveCfg = Release|Win32
		{20163C74-F306-4FCF-9351-4185F006C4A7}.Debug|Win32.ActiveCfg = Debug|Win32
		{20163C74-F306-4FCF-9351-4185F006C4A7}.Debug|Win32.Build.0 = Debug|Win32
		{20163C74-F306-4FCF-9351-4185F006C4A7}.Debug|x64.ActiveCfg = Debug|x64
		{20163C74-F306-4FCF-9351-4185F006C4A7}.Debug|x64.Build.0 = Debug|x64
		{20163C74-F306-4FCF-9351-4185F006C4A7}.DLL_Debug_x64|Win32.ActiveCfg = DLL_Debug_x64|Win32
		{20163C74-F306-4FCF-9351-4185F006C4A7}.DLL_Debug_x64|Win32.Build.0 = DLL_Debug_x64|Win32
		{20163C74-F306-4FCF-9351-4185F006C4A7}.DLL_Debug_x64|x64.ActiveCfg = DLL_Debug_x64|x64
		{20163C74-F306-4FCF-9351-4185F006C4A7}.LibDebug|Win32.ActiveCfg = LibDebug|Win32
		{20163C74-F306-4FCF-9351-4185F006C4A7}.LibDebug|Win32.Build.0 = LibDebug|Win32
		{20163C74-F306-4FCF-9351-4185F006C4A7}.LibDebug|x64.ActiveCfg = LibDebug|x64
		{20163C74-F306-4FCF-9351-4185F006C4A7}.LibDebug|x64.Build.0 = LibDebug|x64
		{20163C74-F306-4FCF-9351-4185F006C4A7}.Release|Win32.ActiveCfg = Release|Win32
		{20163C74-F306-4FCF-9351-4185F006C4A7}.Release|Win32.Build.0 = Release|Win32
		{20163C74-F306-4FCF-9351-4185F006C4A7}.Release|x64.ActiveCfg = Release|x64
		{20163C74-F306-4FCF-9351-4185F006C4A7}.Release|x64.Build.0 = Release|x64
		{4EDEBA82-6667-4AAE-875B-C926B02CC6FD}.Debug|Win32.ActiveCfg = Debug|Win32
		{4EDEBA82-6667-4AAE-875B-C926B02CC6FD}.Debug|Win32.Build.0 = Debug|Win32
		{4EDEBA82-6667-4AAE-875B-C926B02CC6FD}.Debug|x64.ActiveCfg = Debug|x64
		{4EDEBA82-6667-4AAE-875B-C926B02CC6FD}.Debug|x64.Build.0 = Debug|x64
		{4EDEBA82-6667-4AAE-875B-C926B02CC6FD}.DLL_Debug_x64|Win32.ActiveCfg = DLL_Debug_x64|Win32
		{4EDEBA82-6667-4AAE-875B-C926B02CC6FD}.DLL_Debug_x64|Win32.Build.0 = DLL_Debug_x64|Win32
		{4EDEBA82-6667-4AAE-875B-C926B02CC6FD}.DLL_Debug_x64|x64.ActiveCfg = DLL_Debug_x64|x64
		{4EDEBA82-6667-4AAE-875B-C926B02CC6FD}.LibDebug|Win32.ActiveCfg = LibDebug|Win32
		{4EDEBA82-6667-4AAE-875B-C926B02CC6FD}.LibDebug|Win32.Build.0 = LibDebug|Win32
		{4EDEBA82-6667-4AAE-875B-C926B02CC6FD}.LibDebug|x64.ActiveCfg = LibDebug|x64
		{4EDEBA82-6667-4AAE-875B-C926B02CC6FD}.LibDebug|x64.Build.0 = LibDebug|x64
		{4EDEBA82-6667-4AAE-875B-C926B02CC6FD}.Release|Win32.ActiveCfg = Release|Win32
		{4EDEBA82-6667-4AAE-875B-C926B02CC6FD}.Release|Win32.Build.0 = Release|Win32
		{4EDEBA82-6667-4AAE-875B-C926B02CC6FD}.Release|x64.ActiveCfg = Release|x64
		{4EDEBA82-6667-4AAE-875B-C926B02CC6FD}.Release|x64.Build.0 = Release|x64
		{A2551785-2870-4B70-BE46-8A909F8F62A0}.Debug|Win32.ActiveCfg = Debug|Win32
		{A2551785-2870-4B70-BE46-8A909F8F62A0}.Debug|Win32.Build.0 = Debug|Win32
		{A2551785-2870-4B70-BE46-8A909F8F62A0}.Debug|x64.ActiveCfg = Debug|Win32
		{A2551785-2870-4B70-BE46-8A909F8F62A0}.DLL_Debug_x64|Win32.ActiveCfg = DLL_Debug_x64|Win32
		{A2551785-2870-4B70-BE46-8A909F8F62A0}.DLL_Debug_x64|Win32.Build.0 = DLL_Debug_x64|Win32
		{A2551785-2870-4B70-BE46-8A909F8F62A0}.DLL_Debug_x64|x64.ActiveCfg = DLL_Debug_x64|x64
		{A2551785-2870-4B70-BE46-8A909F8F62A0}.DLL_Debug_x64|x64.Build.0 = DLL_Debug_x64|x64
		{A2551785-2870-4B70-BE46-8A909F8F62A0}.LibDebug|Win32.ActiveCfg = Debug|Win32
		{A2551785-2870-4B70-BE46-8A909F8F62A0}.LibDebug|Win32.Build.0 = Debug|Win32
		{A2551785-2870-4B70-BE46-8A909F8F62A0}.LibDebug|x64.ActiveCfg = LibDebug|x64
		{A2551785-2870-4B70-BE46-8A909F8F62A0}.LibDebug|x64.Build.0 = LibDebug|x64
		{A2551785-2870-4B70-BE46-8A909F8F62A0}.Release|Win32.ActiveCfg = Release|Win32
		{A2551785-2870-4B70-BE46-8A909F8F62A0}.Release|Win32.Build.0 = Release|Win32
		{A2551785-2870-4B70-BE46-8A909F8F62A0}.Release|x64.ActiveCfg = Release|Win32
		{B2C7C36A-C741-4973-8125-51D8C6249A86}.Debug|Win32.ActiveCfg = Debug|Win32
		{B2C7C36A-C741-4973-8125-51D8C6249A86}.Debug|Win32.Build.0 = Debug|Win32
		{B2C7C36A-C741-4973-8125-51D8C6249A86}.Debug|x64.ActiveCfg = Debug|Win32
		{B2C7C36A-C741-4973-8125-51D8C6249A86}.DLL_Debug_x64|Win32.ActiveCfg = DLL_Debug_x64|Win32
		{B2C7C36A-C741-4973-8125-51D8C6249A86}.DLL_Debug_x64|Win32.Build.0 = DLL_Debug_x64|Win32
		{B2C7C36A-C741-4973-8125-51D8C6249A86}.DLL_Debug_x64|x64.ActiveCfg = DLL_Debug_x64|x64
		{B2C7C36A-C741-4973-8125-51D8C6249A86}.LibDebug|Win32.ActiveCfg = Debug|Win32
		{B2C7C36A-C741-4973-8125-51D8C6249A86}.LibDebug|Win32.Build.0 = Debug|Win32
		{B2C7C36A-C741-4973-8125-51D8C6249A86}.LibDebug|x64.ActiveCfg = LibDebug|x64
		{B2C7C36A-C741-4973-8125-51D8C6249A86}.LibDebug|x64.Build.0 = LibDebug|x64
		{B2C7C36A-C741-4973-8125-51D8C6249A86}.Release|Win32.ActiveCfg = Release|Win32
		{B2C7C36A-C741-4973-8125-51D8C6249A86}.Release|Win32.Build.0 = Release|Win32
		{B2C7C36A-C741-4973-8125-51D8C6249A86}.Release|x64.ActiveCfg = Release|Win32
		{9ED41EC1-CD74-4DA6-9E14-9BD09D2312B5}.Debug|Win32.ActiveCfg = Debug|Win32
		{9ED41EC1-CD74-4DA6-9E14-9BD09D2312B5}.Debug|Win32.Build.0 = Debug|Win32
		{9ED41EC1-CD74-4DA6-9E14-9BD09D2312B5}.Debug|x64.ActiveCfg = Debug|Win32
		{9ED41EC1-CD74-4DA6-9E14-9BD09D2312B5}.DLL_Debug_x64|Win32.ActiveCfg = DLL_Debug_x64|Win32
		{9ED41EC1-CD74-4DA6-9E14-9BD09D2312B5}.DLL_Debug_x64|Win32.Build.0 = DLL_Debug_x64|Win32
		{9ED41EC1-CD74-4DA6-9E14-9BD09D2312B5}.DLL_Debug_x64|x64.ActiveCfg = DLL_Debug_x64|x64
		{9ED41EC1-CD74-4DA6-9E14-9BD09D2312B5}.LibDebug|Win32.ActiveCfg = Debug|Win32
		{9ED41EC1-CD74-4DA6-9E14-9BD09D2312B5}.LibDebug|Win32.Build.0 = Debug|Win32
		{9ED41EC1-CD74-4DA6-9E14-9BD09D2312B5}.LibDebug|x64.ActiveCfg = LibDebug|x64
		{9ED41EC1-CD74-4DA6-9E14-9BD09D2312B5}.LibDebug|x64.Build.0 = LibDebug|x64
		{9ED41EC1-CD74-4DA6-9E14-9BD09D2312B5}.Release|Win32.ActiveCfg = Release|Win32
		{9ED41EC1-CD74-4DA6-9E14-9BD09D2312B5}.Release|Win32.Build.0 = Release|Win32
		{9ED41EC1-CD74-4DA6-9E14-9BD09D2312B5}.Release|x64.ActiveCfg = Release|Win32
		{9D3D8C3F-1092-4156-A897-9496BAF04E16}.Debug|Win32.ActiveCfg = Debug|Win32
		{9D3D8C3F-1092-4156-A897-9496BAF04E16}.Debug|Win32.Build.0 = Debug|Win32
		{9D3D8C3F-1092-4156-A897-9496BAF04E16}.Debug|x64.ActiveCfg = Debug|Win32
		{9D3D8C3F-1092-4156-A897-9496BAF04E16}.DLL_Debug_x64|Win32.ActiveCfg = DLL_Debug_x64|Win32
		{9D3D8C3F-1092-4156-A897-9496BAF04E16}.DLL_Debug_x64|Win32.Build.0 = DLL_Debug_x64|Win32
		{9D3D8C3F-1092-4156-A897-9496BAF04E16}.DLL_Debug_x64|x64.ActiveCfg = DLL_Debug_x64|x64
		{9D3D8C3F-1092-4156-A897-9496BAF04E16}.LibDebug|Win32.ActiveCfg = Debug|Win32
		{9D3D8C3F-1092-4156-A897-9496BAF04E16}.LibDebug|Win32.Build.0 = Debug|Win32
		{9D3D8C3F-1092-4156-A897-9496BAF04E16}.LibDebug|x64.ActiveCfg = LibDebug|x64
		{9D3D8C3F-1092-4156-A897-9496BAF04E16}.LibDebug|x64.Build.0 = LibDebug|x64
		{9D3D8C3F-1092-4156-A897-9496BAF04E16}.Release|Win32.ActiveCfg = Release|Win32
		{9D3D8C3F-1092-4156-A897-9496BAF04E16}.Release|Win32.Build.0 = Release|Win32
		{9D3D8C3F-1092-4156-A897-9496BAF04E16}.Release|x64.ActiveCfg = Release|Win32
		{27451ED8-E4B6-48DE-AD77-BD5D3D864930}.Debug|Win32.ActiveCfg = Debug|Win32
		{27451ED8-E4B6-48DE-AD77-BD5D3D864930}.Debug|Win32.Build.0 = Debug|Win32
		{27451ED8-E4B6-48DE-AD77-BD5D3D864930}.Debug|x64.ActiveCfg = Debug|x64
		{27451ED8-E4B6-48DE-AD77-BD5D3D864930}.Debug|x64.Build.0 = Debug|x64
		{27451ED8-E4B6-48DE-AD77-BD5D3D864930}.DLL_Debug_x64|Win32.ActiveCfg = DLL_Debug_x64|Win32
		{27451ED8-E4B6-48DE-AD77-BD5D3D864930}.DLL_Debug_x64|Win32.Build.0 = DLL_Debug_x64|Win32
		{27451ED8-E4B6-48DE-AD77-BD5D3D864930}.DLL_Debug_x64|x64.ActiveCfg = DLL_Debug_x64|x64
		{27451ED8-E4B6-48DE-AD77-BD5D3D864930}.LibDebug|Win32.ActiveCfg = LibDebug|Win32
		{27451ED8-E4B6-48DE-AD77-BD5D3D864930}.LibDebug|Win32.Build.0 = LibDebug|Win32
		{27451ED8-E4B6-48DE-AD77-BD5D3D864930}.LibDebug|x64.ActiveCfg = LibDebug|x64
		{27451ED8-E4B6-48DE-AD77-BD5D3D864930}.LibDebug|x64.Build.0 = LibDebug|x64
		{27451ED8-E4B6-48DE-AD77-BD5D3D864930}.Release|Win32.ActiveCfg = Release|Win32
		{27451ED8-E4B6-48DE-AD77-BD5D3D864930}.Release|Win32.Build.0 = Release|Win32
		{27451ED8-E4B6-48DE-AD77-BD5D3D864930}.Release|x64.ActiveCfg = Release|x64
		{27451ED8-E4B6-48DE-AD77-BD5D3D864930}.Release|x64.Build.0 = Release|x64
		{1C23993E-2F33-4E3F-B81A-F07FA561AB77}.Debug|Win32.ActiveCfg = Debug|Win32
		{1C23993E-2F33-4E3F-B81A-F07FA561AB77}.Debug|Win32.Build.0 = Debug|Win32
		{1C23993E-2F33-4E3F-B81A-F07FA561AB77}.Debug|x64.ActiveCfg = Debug|Win32
		{1C23993E-2F33-4E3F-B81A-F07FA561AB77}.DLL_Debug_x64|Win32.ActiveCfg = DLL_Debug_x64|Win32
		{1C23993E-2F33-4E3F-B81A-F07FA561AB77}.DLL_Debug_x64|Win32.Build.0 = DLL_Debug_x64|Win32
		{1C23993E-2F33-4E3F-B81A-F07FA561AB77}.DLL_Debug_x64|x64.ActiveCfg = DLL_Debug_x64|x64
		{1C23993E-2F33-4E3F-B81A-F07FA561AB77}.DLL_Debug_x64|x64.Build.0 = DLL_Debug_x64|x64
		{1C23993E-2F33-4E3F-B81A-F07FA561AB77}.LibDebug|Win32.ActiveCfg = Debug|Win32
		{1C23993E-2F33-4E3F-B81A-F07FA561AB77}.LibDebug|Win32.Build.0 = Debug|Win32
		{1C23993E-2F33-4E3F-B81A-F07FA561AB77}.LibDebug|x64.ActiveCfg = LibDebug|x64
		{1C23993E-2F33-4E3F-B81A-F07FA561AB77}.LibDebug|x64.Build.0 = LibDebug|x64
		{1C23993E-2F33-4E3F-B81A-F07FA561AB77}.Release|Win32.ActiveCfg = Release|Win32
		{1C23993E-2F33-4E3F-B81A-F07FA561AB77}.Release|Win32.Build.0 = Release|Win32
		{1C23993E-2F33-4E3F-B81A-F07FA561AB77}.Release|x64.ActiveCfg = Release|Win32
		{8FE69B4F-DC0F-4CB7-B563-003794A665A3}.Debug|Win32.ActiveCfg = Debug|Win32
		{8FE69B4F-DC0F-4CB7-B563-003794A665A3}.Debug|Win32.Build.0 = Debug|Win32
		{8FE69B4F-DC0F-4CB7-B563-003794A665A3}.Debug|x64.ActiveCfg = Debug|Win32
		{8FE69B4F-DC0F-4CB7-B563-003794A665A3}.DLL_Debug_x64|Win32.ActiveCfg = DLL_Debug_x64|Win32
		{8FE69B4F-DC0F-4CB7-B563-003794A665A3}.DLL_Debug_x64|Win32.Build.0 = DLL_Debug_x64|Win32
		{8FE69B4F-DC0F-4CB7-B563-003794A665A3}.DLL_Debug_x64|x64.ActiveCfg = DLL_Debug_x64|x64
		{8FE69B4F-DC0F-4CB7-B563-003794A665A3}.DLL_Debug_x64|x64.Build.0 = DLL_Debug_x64|x64
		{8FE69B4F-DC0F-4CB7-B563-003794A665A3}.LibDebug|Win32.ActiveCfg = Debug|Win32
		{8FE69B4F-DC0F-4CB7-B563-003794A665A3}.LibDebug|Win32.Build.0 = Debug|Win32
		{8FE69B4F-DC0F-4CB7-B563-003794A665A3}.LibDebug|x64.ActiveCfg = LibDebug|x64
		{8FE69B4F-DC0F-4CB7-B563-003794A665A3}.LibDebug|x64.Build.0 = LibDebug|x64
		{8FE69B4F-DC0F-4CB7-B563-003794A665A3}.Release|Win32.ActiveCfg = Release|Win32
		{8FE69B4F-DC0F-4CB7-B563-003794A665A3}.Release|Win32.Build.0 = Release|Win32
		{8FE69B4F-DC0F-4CB7-B563-003794A665A3}.Release|x64.ActiveCfg = Release|Win32
		{6830E281-FB67-4C0D-8630-1E988381FBF4}.Debug|Win32.ActiveCfg = Debug|Win32
		{6830E281-FB67-4C0D-8630-1E988381FBF4}.Debug|Win32.Build.0 = Debug|Win32
		{6830E281-FB67-4C0D-8630-1E988381FBF4}.Debug|x64.ActiveCfg = Debug|x64
		{6830E281-FB67-4C0D-8630-1E988381FBF4}.Debug|x64.Build.0 = Debug|x64
		{6830E281-FB67-4C0D-8630-1E988381FBF4}.DLL_Debug_x64|Win32.ActiveCfg = DLL_Debug_x64|Win32
		{6830E281-FB67-4C0D-8630-1E988381FBF4}.DLL_Debug_x64|Win32.Build.0 = DLL_Debug_x64|Win32
		{6830E281-FB67-4C0D-8630-1E988381FBF4}.DLL_Debug_x64|x64.ActiveCfg = DLL_Debug_x64|x64
		{6830E281-FB67-4C0D-8630-1E988381FBF4}.DLL_Debug_x64|x64.Build.0 = DLL_Debug_x64|x64
		{6830E281-FB67-4C0D-8630-1E988381FBF4}.LibDebug|Win32.ActiveCfg = LibDebug|Win32
		{6830E281-FB67-4C0D-8630-1E988381FBF4}.LibDebug|Win32.Build.0 = LibDebug|Win32
		{6830E281-FB67-4C0D-8630-1E988381FBF4}.LibDebug|x64.ActiveCfg = LibDebug|x64
		{6830E281-FB67-4C0D-8630-1E988381FBF4}.LibDebug|x64.Build.0 = LibDebug|x64
		{6830E281-FB67-4C0D-8630-1E988381FBF4}.Release|Win32.ActiveCfg = Release|Win32
		{6830E281-FB67-4C0D-8630-1E988381FBF4}.Release|Win32.Build.0 = Release|Win32
		{6830E281-FB67-4C0D-8630-1E988381FBF4}.Release|x64.ActiveCfg = Release|x64
		{6830E281-FB67-4C0D-8630-1E988381FBF4}.Release|x64.Build.0 = Release|x64
		{79F94A81-37FC-4B4F-BBB7-654D93529474}.Debug|Win32.ActiveCfg = Debug|Win32
		{79F94A81-37FC-4B4F-BBB7-654D93529474}.Debug|Win32.Build.0 = Debug|Win32
		{79F94A81-37FC-4B4F-BBB7-654D93529474}.Debug|x64.ActiveCfg = Debug|x64
		{79F94A81-37FC-4B4F-BBB7-654D93529474}.Debug|x64.Build.0 = Debug|x64
		{79F94A81-37FC-4B4F-BBB7-654D93529474}.DLL_Debug_x64|Win32.ActiveCfg = DLL_Debug_x64|Win32
		{79F94A81-37FC-4B4F-BBB7-654D93529474}.DLL_Debug_x64|Win32.Build.0 = DLL_Debug_x64|Win32
		{79F94A81-37FC-4B4F-BBB7-654D93529474}.DLL_Debug_x64|x64.ActiveCfg = DLL_Debug_x64|x64
		{79F94A81-37FC-4B4F-BBB7-654D93529474}.DLL_Debug_x64|x64.Build.0 = DLL_Debug_x64|x64
		{79F94A81-37FC-4B4F-BBB7-654D93529474}.LibDebug|Win32.ActiveCfg = LibDebug|Win32
		{79F94A81-37FC-4B4F-BBB7-654D93529474}.LibDebug|Win32.Build.0 = LibDebug|Win32
		{79F94A81-37FC-4B4F-BBB7-654D93529474}.LibDebug|x64.ActiveCfg = LibDebug|x64
		{79F94A81-37FC-4B4F-BBB7-654D93529474}.LibDebug|x64.Build.0 = LibDebug|x64
		{79F94A81-37FC-4B4F-BBB7-654D93529474}.Release|Win32.ActiveCfg = Release|Win32
		{79F94A81-37FC-4B4F-BBB7-654D93529474}.Release|Win32.Build.0 = Release|Win32
		{79F94A81-37FC-4B4F-BBB7-654D93529474}.Release|x64.ActiveCfg = Release|x64
		{79F94A81-37FC-4B4F-BBB7-654D93529474}.Release|x64.Build.0 = Release|x64
		{87AC24C2-3677-4063-BAC1-1042DEC3AA54}.Debug|Win32.ActiveCfg = Debug|Win32
		{87AC24C2-3677-4063-BAC1-1042DEC3AA54}.Debug|Win32.Build.0 = Debug|Win32
		{87AC24C2-3677-4063-BAC1-1042DEC3AA54}.Debug|x64.ActiveCfg = Debug|x64
		{87AC24C2-3677-4063-BAC1-1042DEC3AA54}.Debug|x64.Build.0 = Debug|x64
		{87AC24C2-3677-4063-BAC1-1042DEC3AA54}.DLL_Debug_x64|Win32.ActiveCfg = DLL_Debug_x64|Win32
		{87AC24C2-3677-4063-BAC1-1042DEC3AA54}.DLL_Debug_x64|Win32.Build.0 = DLL_Debug_x64|Win32
		{87AC24C2-3677-4063-BAC1-1042DEC3AA54}.DLL_Debug_x64|x64.ActiveCfg = DLL_Debug_x64|x64
		{87AC24C2-3677-4063-BAC1-1042DEC3AA54}.DLL_Debug_x64|x64.Build.0 = DLL_Debug_x64|x64
		{87AC24C2-3677-4063-BAC1-1042DEC3AA54}.LibDebug|Win32.ActiveCfg = LibDebug|Win32
		{87AC24C2-3677-4063-BAC1-1042DEC3AA54}.LibDebug|Win32.Build.0 = LibDebug|Win32
		{87AC24C2-3677-4063-BAC1-1042DEC3AA54}.LibDebug|x64.ActiveCfg = LibDebug|x64
		{87AC24C2-3677-4063-BAC1-1042DEC3AA54}.LibDebug|x64.Build.0 = LibDebug|x64
		{87AC24C2-3677-4063-BAC1-1042DEC3AA54}.Release|Win32.ActiveCfg = Release|Win32
		{87AC24C2-3677-4063-BAC1-1042DEC3AA54}.Release|Win32.Build.0 = Release|Win32
		{87AC24C2-3677-4063-BAC1-1042DEC3AA54}.Release|x64.ActiveCfg = Release|x64
		{87AC24C2-3677-4063-BAC1-1042DEC3AA54}.Release|x64.Build.0 = Release|x64
		{8DAE6D14-937E-43A7-ACC6-A5FD74FB7785}.Debug|Win32.ActiveCfg = Debug|Win32
		{8DAE6D14-937E-43A7-ACC6-A5FD74FB7785}.Debug|Win32.Build.0 = Debug|Win32
		{8DAE6D14-937E-43A7-ACC6-A5FD74FB7785}.Debug|x64.ActiveCfg = Debug|x64
		{8DAE6D14-937E-43A7-ACC6-A5FD74FB7785}.Debug|x64.Build.0 = Debug|x64
		{8DAE6D14-937E-43A7-ACC6-A5FD74FB7785}.DLL_Debug_x64|Win32.ActiveCfg = DLL_Debug_x64|Win32
		{8DAE6D14-937E-43A7-ACC6-A5FD74FB7785}.DLL_Debug_x64|Win32.Build.0 = DLL_Debug_x64|Win32
		{8DAE6D14-937E-43A7-ACC6-A5FD74FB7785}.DLL_Debug_x64|x64.ActiveCfg = DLL_Debug_x64|x64
		{8DAE6D14-937E-43A7-ACC6-A5FD74FB7785}.DLL_Debug_x64|x64.Build.0 = DLL_Debug_x64|x64
		{8DAE6D14-937E-43A7-ACC6-A5FD74FB7785}.LibDebug|Win32.ActiveCfg = LibDebug|Win32
		{8DAE6D14-937E-43A7-ACC6-A5FD74FB7785}.LibDebug|Win32.Build.0 = LibDebug|Win32
		{8DAE6D14-937E-43A7-ACC6-A5FD74FB7785}.LibDebug|x64.ActiveCfg = LibDebug|x64
		{8DAE6D14-937E-43A7-ACC6-A5FD74FB7785}.LibDebug|x64.Build.0 = LibDebug|x64
		{8DAE6D14-937E-43A7-ACC6-A5FD74FB7785}.Release|Win32.ActiveCfg = Release|Win32
		{8DAE6D14-937E-43A7-ACC6-A5FD74FB7785}.Release|Win32.Build.0 = Release|Win32
		{8DAE6D14-937E-43A7-ACC6-A5FD74FB7785}.Release|x64.ActiveCfg = Release|x64
		{8DAE6D14-937E-43A7-ACC6-A5FD74FB7785}.Release|x64.Build.0 = Release|x64
		{01533A26-DA29-47AD-AA9B-BE4F3B49FA2B}.Debug|Win32.ActiveCfg = Debug|Win32
		{01533A26-DA29-47AD-AA9B-BE4F3B49FA2B}.Debug|Win32.Build.0 = Debug|Win32
		{01533A26-DA29-47AD-AA9B-BE4F3B49FA2B}.Debug|x64.ActiveCfg = Debug|x64
		{01533A26-DA29-47AD-AA9B-BE4F3B49FA2B}.Debug|x64.Build.0 = Debug|x64
		{01533A26-DA29-47AD-AA9B-BE4F3B49FA2B}.DLL_Debug_x64|Win32.ActiveCfg = DLL_Debug_x64|Win32
		{01533A26-DA29-47AD-AA9B-BE4F3B49FA2B}.DLL_Debug_x64|Win32.Build.0 = DLL_Debug_x64|Win32
		{01533A26-DA29-47AD-AA9B-BE4F3B49FA2B}.DLL_Debug_x64|x64.ActiveCfg = DLL_Debug_x64|x64
		{01533A26-DA29-47AD-AA9B-BE4F3B49FA2B}.DLL_Debug_x64|x64.Build.0 = DLL_Debug_x64|x64
		{01533A26-DA29-47AD-AA9B-BE4F3B49FA2B}.LibDebug|Win32.ActiveCfg = LibDebug|Win32
		{01533A26-DA29-47AD-AA9B-BE4F3B49FA2B}.LibDebug|Win32.Build.0 = LibDebug|Win32
		{01533A26-DA29-47AD-AA9B-BE4F3B49FA2B}.LibDebug|x64.ActiveCfg = LibDebug|x64
		{01533A26-DA29-47AD-AA9B-BE4F3B49FA2B}.LibDebug|x64.Build.0 = LibDebug|x64
		{01533A26-DA29-47AD-AA9B-BE4F3B49FA2B}.Release|Win32.ActiveCfg = Release|Win32
		{01533A26-DA29-47AD-AA9B-BE4F3B49FA2B}.Release|Win32.Build.0 = Release|Win32
		{01533A26-DA29-47AD-AA9B-BE4F3B49FA2B}.Release|x64.ActiveCfg = Release|x64
		{01533A26-DA29-47AD-AA9B-BE4F3B49FA2B}.Release|x64.Build.0 = Release|x64
		{7E9994D6-BC17-4386-8FFD-135759E7A63E}.Debug|Win32.ActiveCfg = Debug|Win32
		{7E9994D6-BC17-4386-8FFD-135759E7A63E}.Debug|Win32.Build.0 = Debug|Win32
		{7E9994D6-BC17-4386-8FFD-135759E7A63E}.Debug|x64.ActiveCfg = Debug|x64
		{7E9994D6-BC17-4386-8FFD-135759E7A63E}.Debug|x64.Build.0 = Debug|x64
		{7E9994D6-BC17-4386-8FFD-135759E7A63E}.DLL_Debug_x64|Win32.ActiveCfg = DLL_Debug_x64|Win32
		{7E9994D6-BC17-4386-8FFD-135759E7A63E}.DLL_Debug_x64|Win32.Build.0 = DLL_Debug_x64|Win32
		{7E9994D6-BC17-4386-8FFD-135759E7A63E}.DLL_Debug_x64|x64.ActiveCfg = DLL_Debug_x64|x64
		{7E9994D6-BC17-4386-8FFD-135759E7A63E}.DLL_Debug_x64|x64.Build.0 = DLL_Debug_x64|x64
		{7E9994D6-BC17-4386-8FFD-135759E7A63E}.LibDebug|Win32.ActiveCfg = LibDebug|Win32
		{7E9994D6-BC17-4386-8FFD-135759E7A63E}.LibDebug|Win32.Build.0 = LibDebug|Win32
		{7E9994D6-BC17-4386-8FFD-135759E7A63E}.LibDebug|x64.ActiveCfg = LibDebug|x64
		{7E9994D6-BC17-4386-8FFD-135759E7A63E}.LibDebug|x64.Build.0 = LibDebug|x64
		{7E9994D6-BC17-4386-8FFD-135759E7A63E}.Release|Win32.ActiveCfg = Release|Win32
		{7E9994D6-BC17-4386-8FFD-135759E7A63E}.Release|Win32.Build.0 = Release|Win32
		{7E9994D6-BC17-4386-8FFD-135759E7A63E}.Release|x64.ActiveCfg = Release|x64
		{7E9994D6-BC17-4386-8FFD-135759E7A63E}.Release|x64.Build.0 = Release|x64
		{BD32A02D-9774-49C4-893C-500E9035F2EF}.Debug|Win32.ActiveCfg = Debug|Win32
		{BD32A02D-9774-49C4-893C-500E9035F2EF}.Debug|Win32.Build.0 = Debug|Win32
		{BD32A02D-9774-49C4-893C-500E9035F2EF}.Debug|x64.ActiveCfg = Debug|x64
		{BD32A02D-9774-49C4-893C-500E9035F2EF}.Debug|x64.Build.0 = Debug|x64
		{BD32A02D-9774-49C4-893C-500E9035F2EF}.DLL_Debug_x64|Win32.ActiveCfg = DLL_Debug_x64|Win32
		{BD32A02D-9774-49C4-893C-500E9035F2EF}.DLL_Debug_x64|Win32.Build.0 = DLL_Debug_x64|Win32
		{BD32A02D-9774-49C4-893C-500E9035F2EF}.DLL_Debug_x64|x64.ActiveCfg = DLL_Debug_x64|x64
		{BD32A02D-9774-49C4-893C-500E9035F2EF}.DLL_Debug_x64|x64.Build.0 = DLL_Debug_x64|x64
		{BD32A02D-9774-49C4-893C-500E9035F2EF}.LibDebug|Win32.ActiveCfg = LibDebug|Win32
		{BD32A02D-9774-49C4-893C-500E9035F2EF}.LibDebug|Win32.Build.0 = LibDebug|Win32
		{BD32A02D-9774-49C4-893C-500E9035F2EF}.LibDebug|x64.ActiveCfg = LibDebug|x64
		{BD32A02D-9774-49C4-893C-500E9035F2EF}.LibDebug|x64.Build.0 = LibDebug|x64
		{BD32A02D-9774-49C4-893C-500E9035F2EF}.Release|Win32.ActiveCfg = Release|Win32
		{BD32A02D-9774-49C4-893C-500E9035F2EF}.Release|Win32.Build.0 = Release|Win32
		{BD32A02D-9774-49C4-893C-500E9035F2EF}.Release|x64.ActiveCfg = Release|x64
		{BD32A02D-9774-49C4-893C-500E9035F2EF}.Release|x64.Build.0 = Release|x64
		{892EA724-D923-4764-B3D2-569B40DAF2EC}.Debug|Win32.ActiveCfg = Debug|Win32
		{892EA724-D923-4764-B3D2-569B40DAF2EC}.Debug|Win32.Build.0 = Debug|Win32
		{892EA724-D923-4764-B3D2-569B40DAF2EC}.Debug|x64.ActiveCfg = Debug|x64
		{892EA724-D923-4764-B3D2-569B40DAF2EC}.Debug|x64.Build.0 = Debug|x64
		{892EA724-D923-4764-B3D2-569B40DAF2EC}.DLL_Debug_x64|Win32.ActiveCfg = DLL_Debug_x64|Win32
		{892EA724-D923-4764-B3D2-569B40DAF2EC}.DLL_Debug_x64|Win32.Build.0 = DLL_Debug_x64|Win32
		{892EA724-D923-4764-B3D2-569B40DAF2EC}.DLL_Debug_x64|x64.ActiveCfg = DLL_Debug_x64|x64
		{892EA724-D923-4764-B3D2-569B40DAF2EC}.DLL_Debug_x64|x64.Build.0 = DLL_Debug_x64|x64
		{892EA724-D923-4764-B3D2-569B40DAF2EC}.LibDebug|Win32.ActiveCfg = LibDebug|Win32
		{892EA724-D923-4764-B3D2-569B40DAF2EC}.LibDebug|Win32.Build.0 = LibDebug|Win32
		{892EA724-D923-4764-B3D2-569B40DAF2EC}.LibDebug|x64.ActiveCfg = LibDebug|x64
		{892EA724-D923-4764-B3D2-569B40DAF2EC}.LibDebug|x64.Build.0 = LibDebug|x64
		{892EA724-D923-4764-B3D2-569B40DAF2EC}.Release|Win32.ActiveCfg = Release|Win32
		{892EA724-D923-4764-B3D2-569B40DAF2EC}.Release|Win32.Build.0 = Release|Win32
		{892EA724-D923-4764-B3D2-569B40DAF2EC}.Release|x64.ActiveCfg = Release|x64
		{892EA724-D923-4764-B3D2-569B40DAF2EC}.Release|x64.Build.0 = Release|x64
	EndGlobalSection
	GlobalSection(SolutionProperties) = preSolution
		HideSolutionNode = FALSE
	EndGlobalSection
	GlobalSection(NestedProjects) = preSolution
		{0CBB893E-CB03-4CB2-AF12-95DE2575FB09} = {458B3F6E-BF5A-4E75-80BD-41A34701F283}
		{887FA4D1-8873-421E-9802-10C0A43FE983} = {458B3F6E-BF5A-4E75-80BD-41A34701F283}
		{58667643-3B60-4AD2-9436-E80484CD5B17} = {458B3F6E-BF5A-4E75-80BD-41A34701F283}
		{24131118-25A1-4730-9883-85F137CF234C} = {458B3F6E-BF5A-4E75-80BD-41A34701F283}
		{5DFCC0E4-D682-4278-AAD1-0971729A446C} = {458B3F6E-BF5A-4E75-80BD-41A34701F283}
		{63548180-E00B-4139-B0DA-FBDE8F72A9A3} = {458B3F6E-BF5A-4E75-80BD-41A34701F283}
		{B2C7C36A-C741-4973-8125-51D8C6249A86} = {458B3F6E-BF5A-4E75-80BD-41A34701F283}
		{9ED41EC1-CD74-4DA6-9E14-9BD09D2312B5} = {458B3F6E-BF5A-4E75-80BD-41A34701F283}
		{9D3D8C3F-1092-4156-A897-9496BAF04E16} = {458B3F6E-BF5A-4E75-80BD-41A34701F283}
		{240BD6CD-4B59-4F6B-84FF-B56DF0AB6CBE} = {458B3F6E-BF5A-4E75-80BD-41A34701F283}
		{B1DF6200-BD0C-49F4-8A1B-028FE162EE81} = {E3C0EE73-B786-4F6F-BF0B-FC4D2E276EE9}
		{E610B380-31FF-41F1-BFAD-DF71CCB74231} = {E3C0EE73-B786-4F6F-BF0B-FC4D2E276EE9}
		{9C8E3259-1358-4496-BD76-BDF68B8EBAA4} = {E3C0EE73-B786-4F6F-BF0B-FC4D2E276EE9}
		{66E7B013-B248-4B3D-8C90-F8A60DDBBA0D} = {E3C0EE73-B786-4F6F-BF0B-FC4D2E276EE9}
		{3196DD53-CE07-469F-888C-505A640D00A5} = {E3C0EE73-B786-4F6F-BF0B-FC4D2E276EE9}
		{20163C74-F306-4FCF-9351-4185F006C4A7} = {E3C0EE73-B786-4F6F-BF0B-FC4D2E276EE9}
		{4EDEBA82-6667-4AAE-875B-C926B02CC6FD} = {E3C0EE73-B786-4F6F-BF0B-FC4D2E276EE9}
		{27451ED8-E4B6-48DE-AD77-BD5D3D864930} = {E3C0EE73-B786-4F6F-BF0B-FC4D2E276EE9}
		{3C60EF6C-5272-46FC-8EC3-964F39552FDE} = {E0544AB3-153F-4BF6-A211-15215DE2257A}
		{A2551785-2870-4B70-BE46-8A909F8F62A0} = {E0544AB3-153F-4BF6-A211-15215DE2257A}
		{8FE69B4F-DC0F-4CB7-B563-003794A665A3} = {29B6448E-E2C6-4BA5-B1ED-23CF19DDBA33}
		{6830E281-FB67-4C0D-8630-1E988381FBF4} = {29B6448E-E2C6-4BA5-B1ED-23CF19DDBA33}
		{79F94A81-37FC-4B4F-BBB7-654D93529474} = {29B6448E-E2C6-4BA5-B1ED-23CF19DDBA33}
		{87AC24C2-3677-4063-BAC1-1042DEC3AA54} = {29B6448E-E2C6-4BA5-B1ED-23CF19DDBA33}
		{8DAE6D14-937E-43A7-ACC6-A5FD74FB7785} = {29B6448E-E2C6-4BA5-B1ED-23CF19DDBA33}
		{01533A26-DA29-47AD-AA9B-BE4F3B49FA2B} = {29B6448E-E2C6-4BA5-B1ED-23CF19DDBA33}
		{7E9994D6-BC17-4386-8FFD-135759E7A63E} = {29B6448E-E2C6-4BA5-B1ED-23CF19DDBA33}
		{BD32A02D-9774-49C4-893C-500E9035F2EF} = {29B6448E-E2C6-4BA5-B1ED-23CF19DDBA33}
		{892EA724-D923-4764-B3D2-569B40DAF2EC} = {29B6448E-E2C6-4BA5-B1ED-23CF19DDBA33}
	EndGlobalSection
EndGlobal
