<?xml version="1.0" encoding="utf-8"?>
<Project ToolsVersion="4.0" xmlns="http://schemas.microsoft.com/developer/msbuild/2003">
  <ItemGroup>
    <Filter Include="源文件">
      <UniqueIdentifier>{4FC737F1-C7A5-4376-A066-2A32D752A2FF}</UniqueIdentifier>
      <Extensions>cpp;c;cc;cxx;def;odl;idl;hpj;bat;asm;asmx</Extensions>
    </Filter>
    <Filter Include="头文件">
      <UniqueIdentifier>{93995380-89BD-4b04-88EB-625FBE52EBFB}</UniqueIdentifier>
      <Extensions>h;hpp;hxx;hm;inl;inc;xsd</Extensions>
    </Filter>
    <Filter Include="资源文件">
      <UniqueIdentifier>{67DA6AB6-F800-4c08-8B7A-83BB121AAD01}</UniqueIdentifier>
      <Extensions>rc;ico;cur;bmp;dlg;rc2;rct;bin;rgs;gif;jpg;jpeg;jpe;resx;tiff;tif;png;wav;mfcribbon-ms</Extensions>
    </Filter>
    <Filter Include="src">
      <UniqueIdentifier>{924cefb5-30da-437d-b526-66f0f00c662a}</UniqueIdentifier>
    </Filter>
    <Filter Include="src\rpc">
      <UniqueIdentifier>{1d8dab32-a929-4399-96ec-172785efec6a}</UniqueIdentifier>
    </Filter>
  </ItemGroup>
  <ItemGroup>
    <None Include="ReadMe.txt" />
  </ItemGroup>
  <ItemGroup>
    <ClInclude Include="stdafx.h">
      <Filter>头文件</Filter>
    </ClInclude>
    <ClInclude Include="targetver.h">
      <Filter>头文件</Filter>
    </ClInclude>
    <ClInclude Include="src\CRobot.h">
      <Filter>src</Filter>
    </ClInclude>
    <ClInclude Include="src\RobotGroup.h">
      <Filter>src</Filter>
    </ClInclude>
    <ClInclude Include="src\rpc\GRpc.h">
      <Filter>src\rpc</Filter>
    </ClInclude>
    <ClInclude Include="src\rpc\MsgNameDefine.h">
      <Filter>src\rpc</Filter>
    </ClInclude>
    <ClInclude Include="src\rpc\RPCCallFuncs.h">
      <Filter>src\rpc</Filter>
    </ClInclude>
    <ClInclude Include="src\rpc\RpcDatas.h">
      <Filter>src\rpc</Filter>
    </ClInclude>
    <ClInclude Include="src\rpc\RPCDefines.h">
      <Filter>src\rpc</Filter>
    </ClInclude>
    <ClInclude Include="src\RobotManager.h">
      <Filter>src</Filter>
    </ClInclude>
  </ItemGroup>
  <ItemGroup>
    <ClCompile Include="stdafx.cpp">
      <Filter>源文件</Filter>
    </ClCompile>
    <ClCompile Include="src\CRobot.cpp">
      <Filter>src</Filter>
    </ClCompile>
    <ClCompile Include="src\Main.cpp">
      <Filter>src</Filter>
    </ClCompile>
    <ClCompile Include="src\RobotGroup.cpp">
      <Filter>src</Filter>
    </ClCompile>
    <ClCompile Include="src\rpc\RpcRegister.cpp">
      <Filter>src\rpc</Filter>
    </ClCompile>
    <ClCompile Include="src\rpc\CRobot_UpdateRobotStatue_Client.cpp">
      <Filter>src\rpc</Filter>
    </ClCompile>
    <ClCompile Include="src\RobotManager.cpp">
      <Filter>src</Filter>
    </ClCompile>
    <ClCompile Include="src\rpc\RobotGroup_GRpc_CreateRobots_Server.cpp">
      <Filter>src\rpc</Filter>
    </ClCompile>
    <ClCompile Include="src\rpc\RobotGroup_GRpc_SyncRobotGroupID_Server.cpp">
      <Filter>src\rpc</Filter>
    </ClCompile>
    <ClCompile Include="src\rpc\CRobot_CreateRobot_Client.cpp">
      <Filter>src\rpc</Filter>
    </ClCompile>
    <ClCompile Include="src\rpc\CRobot_SendRobotCommand_Server.cpp">
      <Filter>src\rpc</Filter>
    </ClCompile>
    <ClCompile Include="src\rpc\RobotGroup_GRpc_CloseRobotGroup_Server.cpp">
      <Filter>src\rpc</Filter>
    </ClCompile>
  </ItemGroup>
</Project>