<?xml version="1.0" encoding="utf-8"?>
<Project ToolsVersion="4.0" xmlns="http://schemas.microsoft.com/developer/msbuild/2003">
  <ItemGroup>
    <Filter Include="源文件">
      <UniqueIdentifier>{4FC737F1-C7A5-4376-A066-2A32D752A2FF}</UniqueIdentifier>
      <Extensions>cpp;c;cc;cxx;def;odl;idl;hpj;bat;asm;asmx</Extensions>
    </Filter>
    <Filter Include="头文件">
      <UniqueIdentifier>{93995380-89BD-4b04-88EB-625FBE52EBFB}</UniqueIdentifier>
      <Extensions>h;hh;hpp;hxx;hm;inl;inc;xsd</Extensions>
    </Filter>
    <Filter Include="资源文件">
      <UniqueIdentifier>{67DA6AB6-F800-4c08-8B7A-83BB121AAD01}</UniqueIdentifier>
      <Extensions>rc;ico;cur;bmp;dlg;rc2;rct;bin;rgs;gif;jpg;jpeg;jpe;resx;tiff;tif;png;wav;mfcribbon-ms</Extensions>
    </Filter>
    <Filter Include="src">
      <UniqueIdentifier>{fb715e2e-75d2-4e0a-b05c-49bbe8a9cf19}</UniqueIdentifier>
    </Filter>
    <Filter Include="src\rpc">
      <UniqueIdentifier>{33a3652d-4148-49ab-a718-0888bff1879f}</UniqueIdentifier>
    </Filter>
  </ItemGroup>
  <ItemGroup>
    <Text Include="ReadMe.txt" />
  </ItemGroup>
  <ItemGroup>
    <ClInclude Include="stdafx.h">
      <Filter>头文件</Filter>
    </ClInclude>
    <ClInclude Include="targetver.h">
      <Filter>头文件</Filter>
    </ClInclude>
    <ClInclude Include="src\CRobot.h">
      <Filter>src</Filter>
    </ClInclude>
    <ClInclude Include="src\DlgRobotCtrl.h">
      <Filter>src</Filter>
    </ClInclude>
    <ClInclude Include="src\DlgShowRobot.h">
      <Filter>src</Filter>
    </ClInclude>
    <ClInclude Include="src\RobotBtn.h">
      <Filter>src</Filter>
    </ClInclude>
    <ClInclude Include="src\RobotCommon.h">
      <Filter>src</Filter>
    </ClInclude>
    <ClInclude Include="src\RobotCtrl.h">
      <Filter>src</Filter>
    </ClInclude>
    <ClInclude Include="src\RobotGroup.h">
      <Filter>src</Filter>
    </ClInclude>
    <ClInclude Include="src\RobotManager.h">
      <Filter>src</Filter>
    </ClInclude>
    <ClInclude Include="src\RobotServer.h">
      <Filter>src</Filter>
    </ClInclude>
    <ClInclude Include="src\rpc\GRpc.h">
      <Filter>src\rpc</Filter>
    </ClInclude>
    <ClInclude Include="src\rpc\MsgNameDefine.h">
      <Filter>src\rpc</Filter>
    </ClInclude>
    <ClInclude Include="src\rpc\RPCCallFuncs.h">
      <Filter>src\rpc</Filter>
    </ClInclude>
    <ClInclude Include="src\rpc\RpcDatas.h">
      <Filter>src\rpc</Filter>
    </ClInclude>
    <ClInclude Include="src\rpc\RPCDefines.h">
      <Filter>src\rpc</Filter>
    </ClInclude>
    <ClInclude Include="resource.h">
      <Filter>头文件</Filter>
    </ClInclude>
    <ClInclude Include="src\DlgRobotCommand.h">
      <Filter>src</Filter>
    </ClInclude>
    <ClInclude Include="src\ListCtrlEx.h">
      <Filter>src</Filter>
    </ClInclude>
  </ItemGroup>
  <ItemGroup>
    <ClCompile Include="stdafx.cpp">
      <Filter>源文件</Filter>
    </ClCompile>
    <ClCompile Include="src\CRobot.cpp">
      <Filter>src</Filter>
    </ClCompile>
    <ClCompile Include="src\DlgRobotCtrl.cpp">
      <Filter>src</Filter>
    </ClCompile>
    <ClCompile Include="src\DlgShowRobot.cpp">
      <Filter>src</Filter>
    </ClCompile>
    <ClCompile Include="src\RobotBtn.cpp">
      <Filter>src</Filter>
    </ClCompile>
    <ClCompile Include="src\RobotCtrl.cpp">
      <Filter>src</Filter>
    </ClCompile>
    <ClCompile Include="src\RobotGroup.cpp">
      <Filter>src</Filter>
    </ClCompile>
    <ClCompile Include="src\RobotManager.cpp">
      <Filter>src</Filter>
    </ClCompile>
    <ClCompile Include="src\RobotServer.cpp">
      <Filter>src</Filter>
    </ClCompile>
    <ClCompile Include="src\rpc\RobotGroup_SyncRobotGroupID_Client.cpp">
      <Filter>src\rpc</Filter>
    </ClCompile>
    <ClCompile Include="src\rpc\RobotServer_SyncRobotServerID_Client.cpp">
      <Filter>src\rpc</Filter>
    </ClCompile>
    <ClCompile Include="src\rpc\RpcRegister.cpp">
      <Filter>src\rpc</Filter>
    </ClCompile>
    <ClCompile Include="src\rpc\RobotServer_HandleRobotGroup_Client.cpp">
      <Filter>src\rpc</Filter>
    </ClCompile>
    <ClCompile Include="src\rpc\RobotServer_UpdateRobotStart_Client.cpp">
      <Filter>src\rpc</Filter>
    </ClCompile>
    <ClCompile Include="DlgRobotCommand.cpp">
      <Filter>src</Filter>
    </ClCompile>
    <ClCompile Include="src\ListCtrlEx.cpp">
      <Filter>src</Filter>
    </ClCompile>
    <ClCompile Include="src\rpc\RobotGroup_CreateRobots_Client.cpp">
      <Filter>src\rpc</Filter>
    </ClCompile>
    <ClCompile Include="src\rpc\CRobot_UpdateRobotStatue_Server.cpp">
      <Filter>src\rpc</Filter>
    </ClCompile>
    <ClCompile Include="src\rpc\RobotGroup_CreateRobot_Server.cpp">
      <Filter>src\rpc</Filter>
    </ClCompile>
    <ClCompile Include="src\rpc\RobotGroup_SendRobotCommand_Client.cpp">
      <Filter>src\rpc</Filter>
    </ClCompile>
    <ClCompile Include="src\rpc\RobotGroup_CloseRobotGroup_Client.cpp">
      <Filter>src\rpc</Filter>
    </ClCompile>
  </ItemGroup>
  <ItemGroup>
    <ResourceCompile Include="RobotCtrl.rc">
      <Filter>资源文件</Filter>
    </ResourceCompile>
  </ItemGroup>
  <ItemGroup>
    <None Include="res\RobotCtrl.rc2">
      <Filter>资源文件</Filter>
    </None>
  </ItemGroup>
  <ItemGroup>
    <Image Include="res\RobotCtrl.ico">
      <Filter>资源文件</Filter>
    </Image>
    <Image Include="res\bitmap1.bmp">
      <Filter>资源文件</Filter>
    </Image>
    <Image Include="res\bitmap2.bmp">
      <Filter>资源文件</Filter>
    </Image>
    <Image Include="res\bitmap3.bmp">
      <Filter>资源文件</Filter>
    </Image>
  </ItemGroup>
</Project>